
Microsoft Visual Studio Solution File, Format Version 12.00
# Visual Studio Version 17
VisualStudioVersion = 17.12.35527.113
MinimumVisualStudioVersion = 10.0.40219.1
Project("{FAE04EC0-301F-11D3-BF4B-00C04F79EFBC}") = "userRegistrationFormMVC", "userRegistrationFormMVC\userRegistrationFormMVC.csproj", "{A8FF055E-875C-443B-93A1-E9840A42803A}"
EndProject
Project("{E53339B2-1760-4266-BCC7-CA923CBCF16C}") = "docker-compose", "docker-compose.dcproj", "{51281D87-2D7B-44CF-874E-B31ABE369219}"
EndProject
Global
	GlobalSection(SolutionConfigurationPlatforms) = preSolution
		Debug|Any CPU = Debug|Any CPU
		Release|Any CPU = Release|Any CPU
	EndGlobalSection
	GlobalSection(ProjectConfigurationPlatforms) = postSolution
		{A8FF055E-875C-443B-93A1-E9840A42803A}.Debug|Any CPU.ActiveCfg = Debug|Any CPU
		{A8FF055E-875C-443B-93A1-E9840A42803A}.Debug|Any CPU.Build.0 = Debug|Any CPU
		{A8FF055E-875C-443B-93A1-E9840A42803A}.Release|Any CPU.ActiveCfg = Release|Any CPU
		{A8FF055E-875C-443B-93A1-E9840A42803A}.Release|Any CPU.Build.0 = Release|Any CPU
		{51281D87-2D7B-44CF-874E-B31ABE369219}.Debug|Any CPU.ActiveCfg = Debug|Any CPU
		{51281D87-2D7B-44CF-874E-B31ABE369219}.Debug|Any CPU.Build.0 = Debug|Any CPU
		{51281D87-2D7B-44CF-874E-B31ABE369219}.Release|Any CPU.ActiveCfg = Release|Any CPU
		{51281D87-2D7B-44CF-874E-B31ABE369219}.Release|Any CPU.Build.0 = Release|Any CPU
	EndGlobalSection
	GlobalSection(SolutionProperties) = preSolution
		HideSolutionNode = FALSE
	EndGlobalSection
EndGlobal
